{
  "name": "foodchangecalculator",
  "lockfileVersion": 2,
  "requires": true,
  "packages": {
    "": {
      "dependencies": {
        "compass": "^0.1.1",
        "fraction.js": "^4.2.0"
      }
    },
    "node_modules/compass": {
      "version": "0.1.1",
      "resolved": "https://registry.npmjs.org/compass/-/compass-0.1.1.tgz",
      "integrity": "sha512-9z+RjcAGig6/9uAFeCbWajTvrye1u61ca5QrqN6JTrHRYOOgAKs33Xv/3/fODYthxWC2C97AE0e45PLETNRicg=="
    },
    "node_modules/fraction.js": {
      "version": "4.2.0",
      "resolved": "https://registry.npmjs.org/fraction.js/-/fraction.js-4.2.0.tgz",
      "integrity": "sha512-MhLuK+2gUcnZe8ZHlaaINnQLl0xRIGRfcGk2yl8xoQAfHrSsL3rYu6FCmBdkdbhc9EPlwyGHewaRsvwRMJtAlA==",
      "engines": {
        "node": "*"
      },
      "funding": {
        "type": "patreon",
        "url": "https://www.patreon.com/infusion"
      }
    }
  },
  "dependencies": {
    "compass": {
      "version": "0.1.1",
      "resolved": "https://registry.npmjs.org/compass/-/compass-0.1.1.tgz",
      "integrity": "sha512-9z+RjcAGig6/9uAFeCbWajTvrye1u61ca5QrqN6JTrHRYOOgAKs33Xv/3/fODYthxWC2C97AE0e45PLETNRicg=="
    },
    "fraction.js": {
      "version": "4.2.0",
      "resolved": "https://registry.npmjs.org/fraction.js/-/fraction.js-4.2.0.tgz",
      "integrity": "sha512-MhLuK+2gUcnZe8ZHlaaINnQLl0xRIGRfcGk2yl8xoQAfHrSsL3rYu6FCmBdkdbhc9EPlwyGHewaRsvwRMJtAlA=="
    }
  }
}
